
Microsoft Visual Studio Solution File, Format Version 12.00
# Visual Studio Version 16
VisualStudioVersion = 16.0.30523.141
MinimumVisualStudioVersion = 10.0.40219.1
Project("{FAE04EC0-301F-11D3-BF4B-00C04F79EFBC}") = "c-sharp-webscraper", "c-sharp-webscraper.csproj", "{7E04EE3B-4A21-477B-95E9-2C38DA723A6A}"
EndProject
Global
	GlobalSection(SolutionConfigurationPlatforms) = preSolution
		Debug|Any CPU = Debug|Any CPU
		Release|Any CPU = Release|Any CPU
	EndGlobalSection
	GlobalSection(ProjectConfigurationPlatforms) = postSolution
		{7E04EE3B-4A21-477B-95E9-2C38DA723A6A}.Debug|Any CPU.ActiveCfg = Debug|Any CPU
		{7E04EE3B-4A21-477B-95E9-2C38DA723A6A}.Debug|Any CPU.Build.0 = Debug|Any CPU
		{7E04EE3B-4A21-477B-95E9-2C38DA723A6A}.Release|Any CPU.ActiveCfg = Release|Any CPU
		{7E04EE3B-4A21-477B-95E9-2C38DA723A6A}.Release|Any CPU.Build.0 = Release|Any CPU
	EndGlobalSection
	GlobalSection(SolutionProperties) = preSolution
		HideSolutionNode = FALSE
	EndGlobalSection
	GlobalSection(ExtensibilityGlobals) = postSolution
		SolutionGuid = {91007368-1C16-4D7A-8107-EFD806815283}
	EndGlobalSection
EndGlobal
